
Microsoft Visual Studio Solution File, Format Version 12.00
# Visual Studio Version 16
VisualStudioVersion = 16.0.29926.136
MinimumVisualStudioVersion = 10.0.40219.1
Project("{FAE04EC0-301F-11D3-BF4B-00C04F79EFBC}") = "MyConsoleApp", "src\MyConsoleApp\MyConsoleApp.csproj", "{A51C1F40-5533-49EA-914F-3FFA68F21267}"
EndProject
Project("{9A19103F-16F7-4668-BE54-9A1E7A4F7556}") = "_build", "build\_build.csproj", "{CF2D92CF-F3A0-42DB-9202-01E4E66A1004}"
EndProject
Global
	GlobalSection(SolutionConfigurationPlatforms) = preSolution
		Debug|Any CPU = Debug|Any CPU
		Release|Any CPU = Release|Any CPU
	EndGlobalSection
	GlobalSection(ProjectConfigurationPlatforms) = postSolution
		{CF2D92CF-F3A0-42DB-9202-01E4E66A1004}.Debug|Any CPU.ActiveCfg = Debug|Any CPU
		{CF2D92CF-F3A0-42DB-9202-01E4E66A1004}.Release|Any CPU.ActiveCfg = Release|Any CPU
		{A51C1F40-5533-49EA-914F-3FFA68F21267}.Debug|Any CPU.ActiveCfg = Debug|Any CPU
		{A51C1F40-5533-49EA-914F-3FFA68F21267}.Debug|Any CPU.Build.0 = Debug|Any CPU
		{A51C1F40-5533-49EA-914F-3FFA68F21267}.Release|Any CPU.ActiveCfg = Release|Any CPU
		{A51C1F40-5533-49EA-914F-3FFA68F21267}.Release|Any CPU.Build.0 = Release|Any CPU
	EndGlobalSection
	GlobalSection(SolutionProperties) = preSolution
		HideSolutionNode = FALSE
	EndGlobalSection
	GlobalSection(ExtensibilityGlobals) = postSolution
		SolutionGuid = {91C067AC-2985-41E1-A1B2-A650D3894015}
	EndGlobalSection
EndGlobal
